
Microsoft Visual Studio Solution File, Format Version 12.00
# Visual Studio 14
VisualStudioVersion = 14.0.25420.1
MinimumVisualStudioVersion = 10.0.40219.1
Project("{8BC9CEB8-8B4A-11D0-8D11-00A0C91BC942}") = "GPGPU Lab0", "GPGPU Lab0\GPGPU Lab0.vcxproj", "{5505AA56-4F7B-4031-BB83-E034D6042166}"
EndProject
Project("{8BC9CEB8-8B4A-11D0-8D11-00A0C91BC942}") = "GPGPU Lab1", "GPGPU Lab1\GPGPU Lab1.vcxproj", "{F5183980-CD3F-4C16-A1A0-EEA7E8855CA8}"
EndProject
Project("{8BC9CEB8-8B4A-11D0-8D11-00A0C91BC942}") = "GPGPU Lab2", "GPGPU Lab2\GPGPU Lab2.vcxproj", "{67BE2527-7A06-46D0-8879-F2A9A42906A4}"
EndProject
Project("{8BC9CEB8-8B4A-11D0-8D11-00A0C91BC942}") = "GPGPU Lab3", "GPGPU Lab3\GPGPU Lab3.vcxproj", "{F11D2BB4-F73D-4DF1-96C3-51BF3B6562D5}"
EndProject
Global
	GlobalSection(SolutionConfigurationPlatforms) = preSolution
		Debug|x64 = Debug|x64
		Debug|x86 = Debug|x86
		Release|x64 = Release|x64
		Release|x86 = Release|x86
	EndGlobalSection
	GlobalSection(ProjectConfigurationPlatforms) = postSolution
		{5505AA56-4F7B-4031-BB83-E034D6042166}.Debug|x64.ActiveCfg = Debug|x64
		{5505AA56-4F7B-4031-BB83-E034D6042166}.Debug|x64.Build.0 = Debug|x64
		{5505AA56-4F7B-4031-BB83-E034D6042166}.Debug|x86.ActiveCfg = Debug|Win32
		{5505AA56-4F7B-4031-BB83-E034D6042166}.Debug|x86.Build.0 = Debug|Win32
		{5505AA56-4F7B-4031-BB83-E034D6042166}.Release|x64.ActiveCfg = Release|x64
		{5505AA56-4F7B-4031-BB83-E034D6042166}.Release|x64.Build.0 = Release|x64
		{5505AA56-4F7B-4031-BB83-E034D6042166}.Release|x86.ActiveCfg = Release|Win32
		{5505AA56-4F7B-4031-BB83-E034D6042166}.Release|x86.Build.0 = Release|Win32
		{F5183980-CD3F-4C16-A1A0-EEA7E8855CA8}.Debug|x64.ActiveCfg = Debug|x64
		{F5183980-CD3F-4C16-A1A0-EEA7E8855CA8}.Debug|x64.Build.0 = Debug|x64
		{F5183980-CD3F-4C16-A1A0-EEA7E8855CA8}.Debug|x86.ActiveCfg = Debug|Win32
		{F5183980-CD3F-4C16-A1A0-EEA7E8855CA8}.Debug|x86.Build.0 = Debug|Win32
		{F5183980-CD3F-4C16-A1A0-EEA7E8855CA8}.Release|x64.ActiveCfg = Release|x64
		{F5183980-CD3F-4C16-A1A0-EEA7E8855CA8}.Release|x64.Build.0 = Release|x64
		{F5183980-CD3F-4C16-A1A0-EEA7E8855CA8}.Release|x86.ActiveCfg = Release|Win32
		{F5183980-CD3F-4C16-A1A0-EEA7E8855CA8}.Release|x86.Build.0 = Release|Win32
		{67BE2527-7A06-46D0-8879-F2A9A42906A4}.Debug|x64.ActiveCfg = Debug|x64
		{67BE2527-7A06-46D0-8879-F2A9A42906A4}.Debug|x64.Build.0 = Debug|x64
		{67BE2527-7A06-46D0-8879-F2A9A42906A4}.Debug|x86.ActiveCfg = Debug|Win32
		{67BE2527-7A06-46D0-8879-F2A9A42906A4}.Debug|x86.Build.0 = Debug|Win32
		{67BE2527-7A06-46D0-8879-F2A9A42906A4}.Release|x64.ActiveCfg = Release|x64
		{67BE2527-7A06-46D0-8879-F2A9A42906A4}.Release|x64.Build.0 = Release|x64
		{67BE2527-7A06-46D0-8879-F2A9A42906A4}.Release|x86.ActiveCfg = Release|Win32
		{67BE2527-7A06-46D0-8879-F2A9A42906A4}.Release|x86.Build.0 = Release|Win32
		{F11D2BB4-F73D-4DF1-96C3-51BF3B6562D5}.Debug|x64.ActiveCfg = Debug|x64
		{F11D2BB4-F73D-4DF1-96C3-51BF3B6562D5}.Debug|x64.Build.0 = Debug|x64
		{F11D2BB4-F73D-4DF1-96C3-51BF3B6562D5}.Debug|x86.ActiveCfg = Debug|Win32
		{F11D2BB4-F73D-4DF1-96C3-51BF3B6562D5}.Debug|x86.Build.0 = Debug|Win32
		{F11D2BB4-F73D-4DF1-96C3-51BF3B6562D5}.Release|x64.ActiveCfg = Release|x64
		{F11D2BB4-F73D-4DF1-96C3-51BF3B6562D5}.Release|x64.Build.0 = Release|x64
		{F11D2BB4-F73D-4DF1-96C3-51BF3B6562D5}.Release|x86.ActiveCfg = Release|Win32
		{F11D2BB4-F73D-4DF1-96C3-51BF3B6562D5}.Release|x86.Build.0 = Release|Win32
	EndGlobalSection
	GlobalSection(SolutionProperties) = preSolution
		HideSolutionNode = FALSE
	EndGlobalSection
EndGlobal
